
Microsoft Visual Studio Solution File, Format Version 12.00
# Visual Studio 2017
Project("{FAE04EC0-301F-11D3-BF4B-00C04F79EFBC}") = "ProjectMusk.Plugins", "ProjectMusk.Plugins.csproj", "{A6C3C23D-4153-3D6C-CBE0-F35385D687B5}"
EndProject
Project("{FAE04EC0-301F-11D3-BF4B-00C04F79EFBC}") = "ProjectMusk", "ProjectMusk.csproj", "{D85E06BE-B842-16D1-447E-FCBC76094777}"
EndProject
Project("{FAE04EC0-301F-11D3-BF4B-00C04F79EFBC}") = "ProjectMusk.Editor.Plugins", "ProjectMusk.Editor.Plugins.csproj", "{DBC39A8D-722F-BE75-87A3-C850973C75DE}"
EndProject
Global
	GlobalSection(SolutionConfigurationPlatforms) = preSolution
		Debug|Any CPU = Debug|Any CPU
		Release|Any CPU = Release|Any CPU
	EndGlobalSection
	GlobalSection(ProjectConfigurationPlatforms) = postSolution
		{A6C3C23D-4153-3D6C-CBE0-F35385D687B5}.Debug|Any CPU.ActiveCfg = Debug|Any CPU
		{A6C3C23D-4153-3D6C-CBE0-F35385D687B5}.Debug|Any CPU.Build.0 = Debug|Any CPU
		{A6C3C23D-4153-3D6C-CBE0-F35385D687B5}.Release|Any CPU.ActiveCfg = Release|Any CPU
		{A6C3C23D-4153-3D6C-CBE0-F35385D687B5}.Release|Any CPU.Build.0 = Release|Any CPU
		{D85E06BE-B842-16D1-447E-FCBC76094777}.Debug|Any CPU.ActiveCfg = Debug|Any CPU
		{D85E06BE-B842-16D1-447E-FCBC76094777}.Debug|Any CPU.Build.0 = Debug|Any CPU
		{D85E06BE-B842-16D1-447E-FCBC76094777}.Release|Any CPU.ActiveCfg = Release|Any CPU
		{D85E06BE-B842-16D1-447E-FCBC76094777}.Release|Any CPU.Build.0 = Release|Any CPU
		{DBC39A8D-722F-BE75-87A3-C850973C75DE}.Debug|Any CPU.ActiveCfg = Debug|Any CPU
		{DBC39A8D-722F-BE75-87A3-C850973C75DE}.Debug|Any CPU.Build.0 = Debug|Any CPU
		{DBC39A8D-722F-BE75-87A3-C850973C75DE}.Release|Any CPU.ActiveCfg = Release|Any CPU
		{DBC39A8D-722F-BE75-87A3-C850973C75DE}.Release|Any CPU.Build.0 = Release|Any CPU
	EndGlobalSection
	GlobalSection(SolutionProperties) = preSolution
		HideSolutionNode = FALSE
	EndGlobalSection
EndGlobal
